{
  "name": "nina-carducci.github.io",
  "version": "1.0.0",
  "lockfileVersion": 3,
  "requires": true,
  "packages": {
    "": {
      "name": "nina-carducci.github.io",
      "version": "1.0.0",
      "license": "ISC",
      "dependencies": {
        "photoswipe": "^5.4.2"
      }
    },
    "node_modules/photoswipe": {
      "version": "5.4.2",
      "resolved": "https://registry.npmjs.org/photoswipe/-/photoswipe-5.4.2.tgz",
      "integrity": "sha512-z5hr36nAIPOZbHJPbCJ/mQ3+ZlizttF9za5gKXKH/us1k4KNHaRbC63K1Px5sVVKUtGb/2+ixHpKqtwl0WAwvA==",
      "engines": {
        "node": ">= 0.12.0"
      }
    }
  }
}
